
Microsoft Visual Studio Solution File, Format Version 11.00
# Visual Studio 2010
Project("{FAE04EC0-301F-11D3-BF4B-00C04F79EFBC}") = "Graphs", "BFS\Graphs.csproj", "{716F81C1-4F16-4374-8870-C43B77ACF926}"
EndProject
Project("{FAE04EC0-301F-11D3-BF4B-00C04F79EFBC}") = "Test", "Test\Test.csproj", "{FD8DED40-A301-4B38-AE83-5FB4C99782F0}"
EndProject
Global
	GlobalSection(SolutionConfigurationPlatforms) = preSolution
		Debug|x86 = Debug|x86
		Release|x86 = Release|x86
	EndGlobalSection
	GlobalSection(ProjectConfigurationPlatforms) = postSolution
		{716F81C1-4F16-4374-8870-C43B77ACF926}.Debug|x86.ActiveCfg = Debug|x86
		{716F81C1-4F16-4374-8870-C43B77ACF926}.Debug|x86.Build.0 = Debug|x86
		{716F81C1-4F16-4374-8870-C43B77ACF926}.Release|x86.ActiveCfg = Release|x86
		{716F81C1-4F16-4374-8870-C43B77ACF926}.Release|x86.Build.0 = Release|x86
		{FD8DED40-A301-4B38-AE83-5FB4C99782F0}.Debug|x86.ActiveCfg = Debug|Any CPU
		{FD8DED40-A301-4B38-AE83-5FB4C99782F0}.Debug|x86.Build.0 = Debug|Any CPU
		{FD8DED40-A301-4B38-AE83-5FB4C99782F0}.Release|x86.ActiveCfg = Release|Any CPU
		{FD8DED40-A301-4B38-AE83-5FB4C99782F0}.Release|x86.Build.0 = Release|Any CPU
	EndGlobalSection
	GlobalSection(MonoDevelopProperties) = preSolution
		StartupItem = BFS\Graphs.csproj
	EndGlobalSection
EndGlobal
